
Microsoft Visual Studio Solution File, Format Version 12.00
# Visual Studio Version 17
VisualStudioVersion = 17.11.35327.3
MinimumVisualStudioVersion = 10.0.40219.1
Project("{FAE04EC0-301F-11D3-BF4B-00C04F79EFBC}") = "DotNetWithTCandSplunk", "DotNetWithTCandSplunk\DotNetWithTCandSplunk.csproj", "{B9100DF7-BFF9-425B-8663-D2218947C7A9}"
EndProject
Project("{FAE04EC0-301F-11D3-BF4B-00C04F79EFBC}") = "DotNetWithTCandSplunkUnitTestCase", "DotNetWithTCandSplunkUnitTestCase\DotNetWithTCandSplunkUnitTestCase.csproj", "{31E03757-E265-46D3-BA5B-0B15B624104B}"
EndProject
Global
	GlobalSection(SolutionConfigurationPlatforms) = preSolution
		Debug|Any CPU = Debug|Any CPU
		Release|Any CPU = Release|Any CPU
	EndGlobalSection
	GlobalSection(ProjectConfigurationPlatforms) = postSolution
		{B9100DF7-BFF9-425B-8663-D2218947C7A9}.Debug|Any CPU.ActiveCfg = Debug|Any CPU
		{B9100DF7-BFF9-425B-8663-D2218947C7A9}.Debug|Any CPU.Build.0 = Debug|Any CPU
		{B9100DF7-BFF9-425B-8663-D2218947C7A9}.Release|Any CPU.ActiveCfg = Release|Any CPU
		{B9100DF7-BFF9-425B-8663-D2218947C7A9}.Release|Any CPU.Build.0 = Release|Any CPU
		{31E03757-E265-46D3-BA5B-0B15B624104B}.Debug|Any CPU.ActiveCfg = Debug|Any CPU
		{31E03757-E265-46D3-BA5B-0B15B624104B}.Debug|Any CPU.Build.0 = Debug|Any CPU
		{31E03757-E265-46D3-BA5B-0B15B624104B}.Release|Any CPU.ActiveCfg = Release|Any CPU
		{31E03757-E265-46D3-BA5B-0B15B624104B}.Release|Any CPU.Build.0 = Release|Any CPU
	EndGlobalSection
	GlobalSection(SolutionProperties) = preSolution
		HideSolutionNode = FALSE
	EndGlobalSection
	GlobalSection(ExtensibilityGlobals) = postSolution
		SolutionGuid = {28A2C9CA-ECDD-40DA-AD65-FD02966D1C79}
	EndGlobalSection
EndGlobal
